// !$*UTF8*$!
{
	archiveVersion = 1;
	classes = {
	};
	objectVersion = 51;
	objects = {

/* Begin PBXBuildFile section */
		1B3A35E022E8BCD000EAD9E7 /* TrainingSetList.png in Resources */ = {isa = PBXBuildFile; fileRef = 1B3A35DA22E8BCD000EAD9E7 /* TrainingSetList.png */; };
		1B3A35E122E8BCD000EAD9E7 /* ObjectFrame.png in Resources */ = {isa = PBXBuildFile; fileRef = 1B3A35DB22E8BCD000EAD9E7 /* ObjectFrame.png */; };
		1B3A35E222E8BCD000EAD9E7 /* AddSet.png in Resources */ = {isa = PBXBuildFile; fileRef = 1B3A35DC22E8BCD000EAD9E7 /* AddSet.png */; };
		1B3A35E322E8BCD000EAD9E7 /* AddLabel.png in Resources */ = {isa = PBXBuildFile; fileRef = 1B3A35DD22E8BCD000EAD9E7 /* AddLabel.png */; };
		1B3A35E422E8BCD000EAD9E7 /* ImageSelection.png in Resources */ = {isa = PBXBuildFile; fileRef = 1B3A35DE22E8BCD000EAD9E7 /* ImageSelection.png */; };
		1B3A35E522E8BCD000EAD9E7 /* LabeledImages.png in Resources */ = {isa = PBXBuildFile; fileRef = 1B3A35DF22E8BCD000EAD9E7 /* LabeledImages.png */; };
		1BC9021C22E89DFF00D4502C /* UIViewController.swift in Sources */ = {isa = PBXBuildFile; fileRef = 1BC9021B22E89DFF00D4502C /* UIViewController.swift */; };
		1BCCB18C22E777760041F2D2 /* SettingsVC.swift in Sources */ = {isa = PBXBuildFile; fileRef = 1BCCB18B22E777760041F2D2 /* SettingsVC.swift */; };
		1BEC561C22D1902F001FDD65 /* AppDelegate.swift in Sources */ = {isa = PBXBuildFile; fileRef = 1BEC561B22D1902F001FDD65 /* AppDelegate.swift */; };
		1BEC561E22D1902F001FDD65 /* ViewController.swift in Sources */ = {isa = PBXBuildFile; fileRef = 1BEC561D22D1902F001FDD65 /* ViewController.swift */; };
		1BEC562422D1902F001FDD65 /* Annotate.xcdatamodeld in Sources */ = {isa = PBXBuildFile; fileRef = 1BEC562222D1902F001FDD65 /* Annotate.xcdatamodeld */; };
		1BEC562622D19032001FDD65 /* Assets.xcassets in Resources */ = {isa = PBXBuildFile; fileRef = 1BEC562522D19032001FDD65 /* Assets.xcassets */; };
		1BEC562922D19032001FDD65 /* LaunchScreen.storyboard in Resources */ = {isa = PBXBuildFile; fileRef = 1BEC562722D19032001FDD65 /* LaunchScreen.storyboard */; };
		1BEC563122D25DC1001FDD65 /* DataController.swift in Sources */ = {isa = PBXBuildFile; fileRef = 1BEC563022D25DC1001FDD65 /* DataController.swift */; };
		1BEC563322D27DE3001FDD65 /* TrainingSetVC.swift in Sources */ = {isa = PBXBuildFile; fileRef = 1BEC563222D27DE3001FDD65 /* TrainingSetVC.swift */; };
		1BEC563922D290B7001FDD65 /* TrainingSetCell.swift in Sources */ = {isa = PBXBuildFile; fileRef = 1BEC563822D290B7001FDD65 /* TrainingSetCell.swift */; };
		57D4D93E4D66505B8ABD85C1 /* Pods_Annotate.framework in Frameworks */ = {isa = PBXBuildFile; fileRef = D3D1484330CD33435D62B8B7 /* Pods_Annotate.framework */; };
		630B414222D4E0F900BF1A07 /* ImageBatchVC.swift in Sources */ = {isa = PBXBuildFile; fileRef = 630B414122D4E0F900BF1A07 /* ImageBatchVC.swift */; };
		630B414422D4E64300BF1A07 /* NetworkUtil.swift in Sources */ = {isa = PBXBuildFile; fileRef = 630B414322D4E64300BF1A07 /* NetworkUtil.swift */; };
		630B414622D4E7D200BF1A07 /* Constants+Errors.swift in Sources */ = {isa = PBXBuildFile; fileRef = 630B414522D4E7D200BF1A07 /* Constants+Errors.swift */; };
		630B414822D4E88B00BF1A07 /* JSONStructs.swift in Sources */ = {isa = PBXBuildFile; fileRef = 630B414722D4E88B00BF1A07 /* JSONStructs.swift */; };
		630B414C22D4F55500BF1A07 /* EditorVC.swift in Sources */ = {isa = PBXBuildFile; fileRef = 630B414B22D4F55500BF1A07 /* EditorVC.swift */; };
		630B414E22D6545600BF1A07 /* CoreDataExtensions.swift in Sources */ = {isa = PBXBuildFile; fileRef = 630B414D22D6545600BF1A07 /* CoreDataExtensions.swift */; };
/* End PBXBuildFile section */

/* Begin PBXFileReference section */
		1B3A35DA22E8BCD000EAD9E7 /* TrainingSetList.png */ = {isa = PBXFileReference; lastKnownFileType = image.png; path = TrainingSetList.png; sourceTree = "<group>"; };
		1B3A35DB22E8BCD000EAD9E7 /* ObjectFrame.png */ = {isa = PBXFileReference; lastKnownFileType = image.png; path = ObjectFrame.png; sourceTree = "<group>"; };
		1B3A35DC22E8BCD000EAD9E7 /* AddSet.png */ = {isa = PBXFileReference; lastKnownFileType = image.png; path = AddSet.png; sourceTree = "<group>"; };
		1B3A35DD22E8BCD000EAD9E7 /* AddLabel.png */ = {isa = PBXFileReference; lastKnownFileType = image.png; path = AddLabel.png; sourceTree = "<group>"; };
		1B3A35DE22E8BCD000EAD9E7 /* ImageSelection.png */ = {isa = PBXFileReference; lastKnownFileType = image.png; path = ImageSelection.png; sourceTree = "<group>"; };
		1B3A35DF22E8BCD000EAD9E7 /* LabeledImages.png */ = {isa = PBXFileReference; lastKnownFileType = image.png; path = LabeledImages.png; sourceTree = "<group>"; };
		1BC9021B22E89DFF00D4502C /* UIViewController.swift */ = {isa = PBXFileReference; fileEncoding = 4; lastKnownFileType = sourcecode.swift; path = UIViewController.swift; sourceTree = "<group>"; };
		1BCCB18B22E777760041F2D2 /* SettingsVC.swift */ = {isa = PBXFileReference; lastKnownFileType = sourcecode.swift; path = SettingsVC.swift; sourceTree = "<group>"; };
		1BEC561822D1902F001FDD65 /* Annotate.app */ = {isa = PBXFileReference; explicitFileType = wrapper.application; includeInIndex = 0; path = Annotate.app; sourceTree = BUILT_PRODUCTS_DIR; };
		1BEC561B22D1902F001FDD65 /* AppDelegate.swift */ = {isa = PBXFileReference; lastKnownFileType = sourcecode.swift; path = AppDelegate.swift; sourceTree = "<group>"; };
		1BEC561D22D1902F001FDD65 /* ViewController.swift */ = {isa = PBXFileReference; lastKnownFileType = sourcecode.swift; path = ViewController.swift; sourceTree = "<group>"; };
		1BEC562322D1902F001FDD65 /* Annotate.xcdatamodel */ = {isa = PBXFileReference; lastKnownFileType = wrapper.xcdatamodel; path = Annotate.xcdatamodel; sourceTree = "<group>"; };
		1BEC562522D19032001FDD65 /* Assets.xcassets */ = {isa = PBXFileReference; lastKnownFileType = folder.assetcatalog; path = Assets.xcassets; sourceTree = "<group>"; };
		1BEC562822D19032001FDD65 /* Base */ = {isa = PBXFileReference; lastKnownFileType = file.storyboard; name = Base; path = Base.lproj/LaunchScreen.storyboard; sourceTree = "<group>"; };
		1BEC562A22D19032001FDD65 /* Info.plist */ = {isa = PBXFileReference; lastKnownFileType = text.plist.xml; path = Info.plist; sourceTree = "<group>"; };
		1BEC563022D25DC1001FDD65 /* DataController.swift */ = {isa = PBXFileReference; fileEncoding = 4; lastKnownFileType = sourcecode.swift; path = DataController.swift; sourceTree = "<group>"; };
		1BEC563222D27DE3001FDD65 /* TrainingSetVC.swift */ = {isa = PBXFileReference; lastKnownFileType = sourcecode.swift; path = TrainingSetVC.swift; sourceTree = "<group>"; };
		1BEC563822D290B7001FDD65 /* TrainingSetCell.swift */ = {isa = PBXFileReference; lastKnownFileType = sourcecode.swift; path = TrainingSetCell.swift; sourceTree = "<group>"; };
		630B414122D4E0F900BF1A07 /* ImageBatchVC.swift */ = {isa = PBXFileReference; lastKnownFileType = sourcecode.swift; path = ImageBatchVC.swift; sourceTree = "<group>"; };
		630B414322D4E64300BF1A07 /* NetworkUtil.swift */ = {isa = PBXFileReference; lastKnownFileType = sourcecode.swift; path = NetworkUtil.swift; sourceTree = "<group>"; };
		630B414522D4E7D200BF1A07 /* Constants+Errors.swift */ = {isa = PBXFileReference; lastKnownFileType = sourcecode.swift; path = "Constants+Errors.swift"; sourceTree = "<group>"; };
		630B414722D4E88B00BF1A07 /* JSONStructs.swift */ = {isa = PBXFileReference; lastKnownFileType = sourcecode.swift; path = JSONStructs.swift; sourceTree = "<group>"; };
		630B414B22D4F55500BF1A07 /* EditorVC.swift */ = {isa = PBXFileReference; lastKnownFileType = sourcecode.swift; path = EditorVC.swift; sourceTree = "<group>"; };
		630B414D22D6545600BF1A07 /* CoreDataExtensions.swift */ = {isa = PBXFileReference; lastKnownFileType = sourcecode.swift; path = CoreDataExtensions.swift; sourceTree = "<group>"; };
		6EE0653FD45BA58F4D051E8C /* Pods-Annotate.release.xcconfig */ = {isa = PBXFileReference; includeInIndex = 1; lastKnownFileType = text.xcconfig; name = "Pods-Annotate.release.xcconfig"; path = "Target Support Files/Pods-Annotate/Pods-Annotate.release.xcconfig"; sourceTree = "<group>"; };
		C02C6CF19E911DC6C183869A /* Pods-Annotate.debug.xcconfig */ = {isa = PBXFileReference; includeInIndex = 1; lastKnownFileType = text.xcconfig; name = "Pods-Annotate.debug.xcconfig"; path = "Target Support Files/Pods-Annotate/Pods-Annotate.debug.xcconfig"; sourceTree = "<group>"; };
		D3D1484330CD33435D62B8B7 /* Pods_Annotate.framework */ = {isa = PBXFileReference; explicitFileType = wrapper.framework; includeInIndex = 0; path = Pods_Annotate.framework; sourceTree = BUILT_PRODUCTS_DIR; };
/* End PBXFileReference section */

/* Begin PBXFrameworksBuildPhase section */
		1BEC561522D1902F001FDD65 /* Frameworks */ = {
			isa = PBXFrameworksBuildPhase;
			buildActionMask = 2147483647;
			files = (
				57D4D93E4D66505B8ABD85C1 /* Pods_Annotate.framework in Frameworks */,
			);
			runOnlyForDeploymentPostprocessing = 0;
		};
/* End PBXFrameworksBuildPhase section */

/* Begin PBXGroup section */
		1B3A35D922E8BC8300EAD9E7 /* images */ = {
			isa = PBXGroup;
			children = (
				1B3A35DD22E8BCD000EAD9E7 /* AddLabel.png */,
				1B3A35DC22E8BCD000EAD9E7 /* AddSet.png */,
				1B3A35DE22E8BCD000EAD9E7 /* ImageSelection.png */,
				1B3A35DF22E8BCD000EAD9E7 /* LabeledImages.png */,
				1B3A35DB22E8BCD000EAD9E7 /* ObjectFrame.png */,
				1B3A35DA22E8BCD000EAD9E7 /* TrainingSetList.png */,
			);
			path = images;
			sourceTree = "<group>";
		};
		1BEC560F22D1902F001FDD65 = {
			isa = PBXGroup;
			children = (
				1B3A35D922E8BC8300EAD9E7 /* images */,
				1BEC561A22D1902F001FDD65 /* Annotate */,
				1BEC561922D1902F001FDD65 /* Products */,
				F149343E9313993AA543D419 /* Pods */,
				2B4D83233BD7C5CCE301C0C3 /* Frameworks */,
			);
			sourceTree = "<group>";
		};
		1BEC561922D1902F001FDD65 /* Products */ = {
			isa = PBXGroup;
			children = (
				1BEC561822D1902F001FDD65 /* Annotate.app */,
			);
			name = Products;
			sourceTree = "<group>";
		};
		1BEC561A22D1902F001FDD65 /* Annotate */ = {
			isa = PBXGroup;
			children = (
				1BEC561B22D1902F001FDD65 /* AppDelegate.swift */,
				1BEC561D22D1902F001FDD65 /* ViewController.swift */,
				1BCCB18B22E777760041F2D2 /* SettingsVC.swift */,
				1BEC563222D27DE3001FDD65 /* TrainingSetVC.swift */,
				630B414122D4E0F900BF1A07 /* ImageBatchVC.swift */,
				1BC9021B22E89DFF00D4502C /* UIViewController.swift */,
				630B414B22D4F55500BF1A07 /* EditorVC.swift */,
				1BEC563822D290B7001FDD65 /* TrainingSetCell.swift */,
				1BEC562522D19032001FDD65 /* Assets.xcassets */,
				1BEC562722D19032001FDD65 /* LaunchScreen.storyboard */,
				1BEC562A22D19032001FDD65 /* Info.plist */,
				1BEC563022D25DC1001FDD65 /* DataController.swift */,
				1BEC562222D1902F001FDD65 /* Annotate.xcdatamodeld */,
				630B414322D4E64300BF1A07 /* NetworkUtil.swift */,
				630B414722D4E88B00BF1A07 /* JSONStructs.swift */,
				630B414522D4E7D200BF1A07 /* Constants+Errors.swift */,
				630B414D22D6545600BF1A07 /* CoreDataExtensions.swift */,
			);
			path = Annotate;
			sourceTree = "<group>";
		};
		2B4D83233BD7C5CCE301C0C3 /* Frameworks */ = {
			isa = PBXGroup;
			children = (
				D3D1484330CD33435D62B8B7 /* Pods_Annotate.framework */,
			);
			name = Frameworks;
			sourceTree = "<group>";
		};
		F149343E9313993AA543D419 /* Pods */ = {
			isa = PBXGroup;
			children = (
				C02C6CF19E911DC6C183869A /* Pods-Annotate.debug.xcconfig */,
				6EE0653FD45BA58F4D051E8C /* Pods-Annotate.release.xcconfig */,
			);
			path = Pods;
			sourceTree = "<group>";
		};
/* End PBXGroup section */

/* Begin PBXNativeTarget section */
		1BEC561722D1902F001FDD65 /* Annotate */ = {
			isa = PBXNativeTarget;
			buildConfigurationList = 1BEC562D22D19032001FDD65 /* Build configuration list for PBXNativeTarget "Annotate" */;
			buildPhases = (
				C0A82E3B9F8155F68CCE10BC /* [CP] Check Pods Manifest.lock */,
				1BEC561422D1902F001FDD65 /* Sources */,
				1BEC561522D1902F001FDD65 /* Frameworks */,
				1BEC561622D1902F001FDD65 /* Resources */,
				E89B41C3E78F172BD9DC0F7F /* [CP] Embed Pods Frameworks */,
			);
			buildRules = (
			);
			dependencies = (
			);
			name = Annotate;
			productName = Annotate;
			productReference = 1BEC561822D1902F001FDD65 /* Annotate.app */;
			productType = "com.apple.product-type.application";
		};
/* End PBXNativeTarget section */

/* Begin PBXProject section */
		1BEC561022D1902F001FDD65 /* Project object */ = {
			isa = PBXProject;
			attributes = {
				LastSwiftUpdateCheck = 1020;
				LastUpgradeCheck = 1020;
				ORGANIZATIONNAME = "David Lang";
				TargetAttributes = {
					1BEC561722D1902F001FDD65 = {
						CreatedOnToolsVersion = 10.2.1;
					};
				};
			};
			buildConfigurationList = 1BEC561322D1902F001FDD65 /* Build configuration list for PBXProject "Annotate" */;
			compatibilityVersion = "Xcode 10.0";
			developmentRegion = en;
			hasScannedForEncodings = 0;
			knownRegions = (
				en,
				Base,
			);
			mainGroup = 1BEC560F22D1902F001FDD65;
			productRefGroup = 1BEC561922D1902F001FDD65 /* Products */;
			projectDirPath = "";
			projectRoot = "";
			targets = (
				1BEC561722D1902F001FDD65 /* Annotate */,
			);
		};
/* End PBXProject section */

/* Begin PBXResourcesBuildPhase section */
		1BEC561622D1902F001FDD65 /* Resources */ = {
			isa = PBXResourcesBuildPhase;
			buildActionMask = 2147483647;
			files = (
				1B3A35E122E8BCD000EAD9E7 /* ObjectFrame.png in Resources */,
				1BEC562922D19032001FDD65 /* LaunchScreen.storyboard in Resources */,
				1B3A35E322E8BCD000EAD9E7 /* AddLabel.png in Resources */,
				1B3A35E522E8BCD000EAD9E7 /* LabeledImages.png in Resources */,
				1B3A35E422E8BCD000EAD9E7 /* ImageSelection.png in Resources */,
				1B3A35E022E8BCD000EAD9E7 /* TrainingSetList.png in Resources */,
				1BEC562622D19032001FDD65 /* Assets.xcassets in Resources */,
				1B3A35E222E8BCD000EAD9E7 /* AddSet.png in Resources */,
			);
			runOnlyForDeploymentPostprocessing = 0;
		};
/* End PBXResourcesBuildPhase section */

/* Begin PBXShellScriptBuildPhase section */
		C0A82E3B9F8155F68CCE10BC /* [CP] Check Pods Manifest.lock */ = {
			isa = PBXShellScriptBuildPhase;
			buildActionMask = 2147483647;
			files = (
			);
			inputFileListPaths = (
			);
			inputPaths = (
				"${PODS_PODFILE_DIR_PATH}/Podfile.lock",
				"${PODS_ROOT}/Manifest.lock",
			);
			name = "[CP] Check Pods Manifest.lock";
			outputFileListPaths = (
			);
			outputPaths = (
				"$(DERIVED_FILE_DIR)/Pods-Annotate-checkManifestLockResult.txt",
			);
			runOnlyForDeploymentPostprocessing = 0;
			shellPath = /bin/sh;
			shellScript = "diff \"${PODS_PODFILE_DIR_PATH}/Podfile.lock\" \"${PODS_ROOT}/Manifest.lock\" > /dev/null\nif [ $? != 0 ] ; then\n    # print error to STDERR\n    echo \"error: The sandbox is not in sync with the Podfile.lock. Run 'pod install' or update your CocoaPods installation.\" >&2\n    exit 1\nfi\n# This output is used by Xcode 'outputs' to avoid re-running this script phase.\necho \"SUCCESS\" > \"${SCRIPT_OUTPUT_FILE_0}\"\n";
			showEnvVarsInLog = 0;
		};
		E89B41C3E78F172BD9DC0F7F /* [CP] Embed Pods Frameworks */ = {
			isa = PBXShellScriptBuildPhase;
			buildActionMask = 2147483647;
			files = (
			);
			inputFileListPaths = (
				"${PODS_ROOT}/Target Support Files/Pods-Annotate/Pods-Annotate-frameworks-${CONFIGURATION}-input-files.xcfilelist",
			);
			name = "[CP] Embed Pods Frameworks";
			outputFileListPaths = (
				"${PODS_ROOT}/Target Support Files/Pods-Annotate/Pods-Annotate-frameworks-${CONFIGURATION}-output-files.xcfilelist",
			);
			runOnlyForDeploymentPostprocessing = 0;
			shellPath = /bin/sh;
			shellScript = "\"${PODS_ROOT}/Target Support Files/Pods-Annotate/Pods-Annotate-frameworks.sh\"\n";
			showEnvVarsInLog = 0;
		};
/* End PBXShellScriptBuildPhase section */

/* Begin PBXSourcesBuildPhase section */
		1BEC561422D1902F001FDD65 /* Sources */ = {
			isa = PBXSourcesBuildPhase;
			buildActionMask = 2147483647;
			files = (
				1BC9021C22E89DFF00D4502C /* UIViewController.swift in Sources */,
				1BCCB18C22E777760041F2D2 /* SettingsVC.swift in Sources */,
				1BEC563922D290B7001FDD65 /* TrainingSetCell.swift in Sources */,
				630B414222D4E0F900BF1A07 /* ImageBatchVC.swift in Sources */,
				1BEC561E22D1902F001FDD65 /* ViewController.swift in Sources */,
				1BEC563322D27DE3001FDD65 /* TrainingSetVC.swift in Sources */,
				630B414822D4E88B00BF1A07 /* JSONStructs.swift in Sources */,
				630B414C22D4F55500BF1A07 /* EditorVC.swift in Sources */,
				630B414422D4E64300BF1A07 /* NetworkUtil.swift in Sources */,
				630B414E22D6545600BF1A07 /* CoreDataExtensions.swift in Sources */,
				1BEC563122D25DC1001FDD65 /* DataController.swift in Sources */,
				1BEC562422D1902F001FDD65 /* Annotate.xcdatamodeld in Sources */,
				1BEC561C22D1902F001FDD65 /* AppDelegate.swift in Sources */,
				630B414622D4E7D200BF1A07 /* Constants+Errors.swift in Sources */,
			);
			runOnlyForDeploymentPostprocessing = 0;
		};
/* End PBXSourcesBuildPhase section */

/* Begin PBXVariantGroup section */
		1BEC562722D19032001FDD65 /* LaunchScreen.storyboard */ = {
			isa = PBXVariantGroup;
			children = (
				1BEC562822D19032001FDD65 /* Base */,
			);
			name = LaunchScreen.storyboard;
			sourceTree = "<group>";
		};
/* End PBXVariantGroup section */

/* Begin XCBuildConfiguration section */
		1BEC562B22D19032001FDD65 /* Debug */ = {
			isa = XCBuildConfiguration;
			buildSettings = {
				ALWAYS_SEARCH_USER_PATHS = NO;
				CLANG_ANALYZER_NONNULL = YES;
				CLANG_ANALYZER_NUMBER_OBJECT_CONVERSION = YES_AGGRESSIVE;
				CLANG_CXX_LANGUAGE_STANDARD = "gnu++14";
				CLANG_CXX_LIBRARY = "libc++";
				CLANG_ENABLE_MODULES = YES;
				CLANG_ENABLE_OBJC_ARC = YES;
				CLANG_ENABLE_OBJC_WEAK = YES;
				CLANG_WARN_BLOCK_CAPTURE_AUTORELEASING = YES;
				CLANG_WARN_BOOL_CONVERSION = YES;
				CLANG_WARN_COMMA = YES;
				CLANG_WARN_CONSTANT_CONVERSION = YES;
				CLANG_WARN_DEPRECATED_OBJC_IMPLEMENTATIONS = YES;
				CLANG_WARN_DIRECT_OBJC_ISA_USAGE = YES_ERROR;
				CLANG_WARN_DOCUMENTATION_COMMENTS = YES;
				CLANG_WARN_EMPTY_BODY = YES;
				CLANG_WARN_ENUM_CONVERSION = YES;
				CLANG_WARN_INFINITE_RECURSION = YES;
				CLANG_WARN_INT_CONVERSION = YES;
				CLANG_WARN_NON_LITERAL_NULL_CONVERSION = YES;
				CLANG_WARN_OBJC_IMPLICIT_RETAIN_SELF = YES;
				CLANG_WARN_OBJC_LITERAL_CONVERSION = YES;
				CLANG_WARN_OBJC_ROOT_CLASS = YES_ERROR;
				CLANG_WARN_RANGE_LOOP_ANALYSIS = YES;
				CLANG_WARN_STRICT_PROTOTYPES = YES;
				CLANG_WARN_SUSPICIOUS_MOVE = YES;
				CLANG_WARN_UNGUARDED_AVAILABILITY = YES_AGGRESSIVE;
				CLANG_WARN_UNREACHABLE_CODE = YES;
				CLANG_WARN__DUPLICATE_METHOD_MATCH = YES;
				CODE_SIGN_IDENTITY = "iPhone Developer";
				COPY_PHASE_STRIP = NO;
				DEBUG_INFORMATION_FORMAT = dwarf;
				ENABLE_STRICT_OBJC_MSGSEND = YES;
				ENABLE_TESTABILITY = YES;
				GCC_C_LANGUAGE_STANDARD = gnu11;
				GCC_DYNAMIC_NO_PIC = NO;
				GCC_NO_COMMON_BLOCKS = YES;
				GCC_OPTIMIZATION_LEVEL = 0;
				GCC_PREPROCESSOR_DEFINITIONS = (
					"DEBUG=1",
					"$(inherited)",
				);
				GCC_WARN_64_TO_32_BIT_CONVERSION = YES;
				GCC_WARN_ABOUT_RETURN_TYPE = YES_ERROR;
				GCC_WARN_UNDECLARED_SELECTOR = YES;
				GCC_WARN_UNINITIALIZED_AUTOS = YES_AGGRESSIVE;
				GCC_WARN_UNUSED_FUNCTION = YES;
				GCC_WARN_UNUSED_VARIABLE = YES;
				IPHONEOS_DEPLOYMENT_TARGET = 12.2;
				MTL_ENABLE_DEBUG_INFO = INCLUDE_SOURCE;
				MTL_FAST_MATH = YES;
				ONLY_ACTIVE_ARCH = YES;
				SDKROOT = iphoneos;
				SWIFT_ACTIVE_COMPILATION_CONDITIONS = DEBUG;
				SWIFT_OPTIMIZATION_LEVEL = "-Onone";
			};
			name = Debug;
		};
		1BEC562C22D19032001FDD65 /* Release */ = {
			isa = XCBuildConfiguration;
			buildSettings = {
				ALWAYS_SEARCH_USER_PATHS = NO;
				CLANG_ANALYZER_NONNULL = YES;
				CLANG_ANALYZER_NUMBER_OBJECT_CONVERSION = YES_AGGRESSIVE;
				CLANG_CXX_LANGUAGE_STANDARD = "gnu++14";
				CLANG_CXX_LIBRARY = "libc++";
				CLANG_ENABLE_MODULES = YES;
				CLANG_ENABLE_OBJC_ARC = YES;
				CLANG_ENABLE_OBJC_WEAK = YES;
				CLANG_WARN_BLOCK_CAPTURE_AUTORELEASING = YES;
				CLANG_WARN_BOOL_CONVERSION = YES;
				CLANG_WARN_COMMA = YES;
				CLANG_WARN_CONSTANT_CONVERSION = YES;
				CLANG_WARN_DEPRECATED_OBJC_IMPLEMENTATIONS = YES;
				CLANG_WARN_DIRECT_OBJC_ISA_USAGE = YES_ERROR;
				CLANG_WARN_DOCUMENTATION_COMMENTS = YES;
				CLANG_WARN_EMPTY_BODY = YES;
				CLANG_WARN_ENUM_CONVERSION = YES;
				CLANG_WARN_INFINITE_RECURSION = YES;
				CLANG_WARN_INT_CONVERSION = YES;
				CLANG_WARN_NON_LITERAL_NULL_CONVERSION = YES;
				CLANG_WARN_OBJC_IMPLICIT_RETAIN_SELF = YES;
				CLANG_WARN_OBJC_LITERAL_CONVERSION = YES;
				CLANG_WARN_OBJC_ROOT_CLASS = YES_ERROR;
				CLANG_WARN_RANGE_LOOP_ANALYSIS = YES;
				CLANG_WARN_STRICT_PROTOTYPES = YES;
				CLANG_WARN_SUSPICIOUS_MOVE = YES;
				CLANG_WARN_UNGUARDED_AVAILABILITY = YES_AGGRESSIVE;
				CLANG_WARN_UNREACHABLE_CODE = YES;
				CLANG_WARN__DUPLICATE_METHOD_MATCH = YES;
				CODE_SIGN_IDENTITY = "iPhone Developer";
				COPY_PHASE_STRIP = NO;
				DEBUG_INFORMATION_FORMAT = "dwarf-with-dsym";
				ENABLE_NS_ASSERTIONS = NO;
				ENABLE_STRICT_OBJC_MSGSEND = YES;
				GCC_C_LANGUAGE_STANDARD = gnu11;
				GCC_NO_COMMON_BLOCKS = YES;
				GCC_WARN_64_TO_32_BIT_CONVERSION = YES;
				GCC_WARN_ABOUT_RETURN_TYPE = YES_ERROR;
				GCC_WARN_UNDECLARED_SELECTOR = YES;
				GCC_WARN_UNINITIALIZED_AUTOS = YES_AGGRESSIVE;
				GCC_WARN_UNUSED_FUNCTION = YES;
				GCC_WARN_UNUSED_VARIABLE = YES;
				IPHONEOS_DEPLOYMENT_TARGET = 12.2;
				MTL_ENABLE_DEBUG_INFO = NO;
				MTL_FAST_MATH = YES;
				SDKROOT = iphoneos;
				SWIFT_COMPILATION_MODE = wholemodule;
				SWIFT_OPTIMIZATION_LEVEL = "-O";
				VALIDATE_PRODUCT = YES;
			};
			name = Release;
		};
		1BEC562E22D19032001FDD65 /* Debug */ = {
			isa = XCBuildConfiguration;
			baseConfigurationReference = C02C6CF19E911DC6C183869A /* Pods-Annotate.debug.xcconfig */;
			buildSettings = {
				ASSETCATALOG_COMPILER_APPICON_NAME = AppIcon;
				CODE_SIGN_STYLE = Automatic;
				DEVELOPMENT_TEAM = 7AR6LWAY36;
				INFOPLIST_FILE = Annotate/Info.plist;
				LD_RUNPATH_SEARCH_PATHS = (
					"$(inherited)",
					"@executable_path/Frameworks",
				);
				PRODUCT_BUNDLE_IDENTIFIER = com.agilityfittech.Annotate;
				PRODUCT_NAME = "$(TARGET_NAME)";
				SWIFT_VERSION = 5.0;
				TARGETED_DEVICE_FAMILY = "1,2";
			};
			name = Debug;
		};
		1BEC562F22D19032001FDD65 /* Release */ = {
			isa = XCBuildConfiguration;
			baseConfigurationReference = 6EE0653FD45BA58F4D051E8C /* Pods-Annotate.release.xcconfig */;
			buildSettings = {
				ASSETCATALOG_COMPILER_APPICON_NAME = AppIcon;
				CODE_SIGN_STYLE = Automatic;
				DEVELOPMENT_TEAM = 7AR6LWAY36;
				INFOPLIST_FILE = Annotate/Info.plist;
				LD_RUNPATH_SEARCH_PATHS = (
					"$(inherited)",
					"@executable_path/Frameworks",
				);
				PRODUCT_BUNDLE_IDENTIFIER = com.agilityfittech.Annotate;
				PRODUCT_NAME = "$(TARGET_NAME)";
				SWIFT_VERSION = 5.0;
				TARGETED_DEVICE_FAMILY = "1,2";
			};
			name = Release;
		};
/* End XCBuildConfiguration section */

/* Begin XCConfigurationList section */
		1BEC561322D1902F001FDD65 /* Build configuration list for PBXProject "Annotate" */ = {
			isa = XCConfigurationList;
			buildConfigurations = (
				1BEC562B22D19032001FDD65 /* Debug */,
				1BEC562C22D19032001FDD65 /* Release */,
			);
			defaultConfigurationIsVisible = 0;
			defaultConfigurationName = Release;
		};
		1BEC562D22D19032001FDD65 /* Build configuration list for PBXNativeTarget "Annotate" */ = {
			isa = XCConfigurationList;
			buildConfigurations = (
				1BEC562E22D19032001FDD65 /* Debug */,
				1BEC562F22D19032001FDD65 /* Release */,
			);
			defaultConfigurationIsVisible = 0;
			defaultConfigurationName = Release;
		};
/* End XCConfigurationList section */

/* Begin XCVersionGroup section */
		1BEC562222D1902F001FDD65 /* Annotate.xcdatamodeld */ = {
			isa = XCVersionGroup;
			children = (
				1BEC562322D1902F001FDD65 /* Annotate.xcdatamodel */,
			);
			currentVersion = 1BEC562322D1902F001FDD65 /* Annotate.xcdatamodel */;
			path = Annotate.xcdatamodeld;
			sourceTree = "<group>";
			versionGroupType = wrapper.xcdatamodel;
		};
/* End XCVersionGroup section */
	};
	rootObject = 1BEC561022D1902F001FDD65 /* Project object */;
}
